<?xml version="1.0" encoding="utf-8"?>
<Project ToolsVersion="4.0" xmlns="http://schemas.microsoft.com/developer/msbuild/2003">
  <ItemGroup>
    <Filter Include="Source Files">
      <UniqueIdentifier>{4FC737F1-C7A5-4376-A066-2A32D752A2FF}</UniqueIdentifier>
      <Extensions>cpp;c;cc;cxx;def;odl;idl;hpj;bat;asm;asmx</Extensions>
    </Filter>
    <Filter Include="Header Files">
      <UniqueIdentifier>{93995380-89BD-4b04-88EB-625FBE52EBFB}</UniqueIdentifier>
      <Extensions>h;hh;hpp;hxx;hm;inl;inc;xsd</Extensions>
    </Filter>
    <Filter Include="Resource Files">
      <UniqueIdentifier>{67DA6AB6-F800-4c08-8B7A-83BB121AAD01}</UniqueIdentifier>
      <Extensions>rc;ico;cur;bmp;dlg;rc2;rct;bin;rgs;gif;jpg;jpeg;jpe;resx;tiff;tif;png;wav;mfcribbon-ms</Extensions>
    </Filter>
  </ItemGroup>
  <ItemGroup>
    <Text Include="ReadMe.txt" />
  </ItemGroup>
  <ItemGroup>
    <ClInclude Include="EEPROMTestThroughAPI.h">
      <Filter>Header Files</Filter>
    </ClInclude>
    <ClInclude Include="EEPROMTestThroughAPIDlg.h">
      <Filter>Header Files</Filter>
    </ClInclude>
    <ClInclude Include="stdafx.h">
      <Filter>Header Files</Filter>
    </ClInclude>
    <ClInclude Include="targetver.h">
      <Filter>Header Files</Filter>
    </ClInclude>
    <ClInclude Include="Resource.h">
      <Filter>Header Files</Filter>
    </ClInclude>
    <ClInclude Include="..\HawkeyeCore\API\AnalysisDefinition.hpp">
      <Filter>Header Files</Filter>
    </ClInclude>
    <ClInclude Include="..\HawkeyeCore\API\AnalysisDefinitionCommon.hpp">
      <Filter>Header Files</Filter>
    </ClInclude>
    <ClInclude Include="..\HawkeyeCore\API\Autofocus.hpp">
      <Filter>Header Files</Filter>
    </ClInclude>
    <ClInclude Include="..\HawkeyeCore\API\AutofocusCommon.hpp">
      <Filter>Header Files</Filter>
    </ClInclude>
    <ClInclude Include="..\HawkeyeCore\API\Background.hpp">
      <Filter>Header Files</Filter>
    </ClInclude>
    <ClInclude Include="..\HawkeyeCore\API\Bioprocess.hpp">
      <Filter>Header Files</Filter>
    </ClInclude>
    <ClInclude Include="..\HawkeyeCore\API\Calibration.hpp">
      <Filter>Header Files</Filter>
    </ClInclude>
    <ClInclude Include="..\HawkeyeCore\API\CalibrationCommon.hpp">
      <Filter>Header Files</Filter>
    </ClInclude>
    <ClInclude Include="..\HawkeyeCore\API\CellTypes.hpp">
      <Filter>Header Files</Filter>
    </ClInclude>
    <ClInclude Include="..\HawkeyeCore\API\CellTypesCommon.hpp">
      <Filter>Header Files</Filter>
    </ClInclude>
    <ClInclude Include="..\HawkeyeCore\API\Fluidics.hpp">
      <Filter>Header Files</Filter>
    </ClInclude>
    <ClInclude Include="..\HawkeyeCore\API\HawkeyeError.hpp">
      <Filter>Header Files</Filter>
    </ClInclude>
    <ClInclude Include="..\HawkeyeCore\API\HawkeyeLogic.hpp">
      <Filter>Header Files</Filter>
    </ClInclude>
    <ClInclude Include="..\HawkeyeCore\API\ImageWrapper.hpp">
      <Filter>Header Files</Filter>
    </ClInclude>
    <ClInclude Include="..\HawkeyeCore\API\ImageWrapperCommon.hpp">
      <Filter>Header Files</Filter>
    </ClInclude>
    <ClInclude Include="..\HawkeyeCore\API\InitializationState.hpp">
      <Filter>Header Files</Filter>
    </ClInclude>
    <ClInclude Include="..\HawkeyeCore\API\MotorStatus.hpp">
      <Filter>Header Files</Filter>
    </ClInclude>
    <ClInclude Include="..\HawkeyeCore\API\QualityControl.hpp">
      <Filter>Header Files</Filter>
    </ClInclude>
    <ClInclude Include="..\HawkeyeCore\API\QualityControlCommon.hpp">
      <Filter>Header Files</Filter>
    </ClInclude>
    <ClInclude Include="..\HawkeyeCore\API\Reagent.hpp">
      <Filter>Header Files</Filter>
    </ClInclude>
    <ClInclude Include="..\HawkeyeCore\API\ReagentCommon.hpp">
      <Filter>Header Files</Filter>
    </ClInclude>
    <ClInclude Include="..\HawkeyeCore\API\Reports.hpp">
      <Filter>Header Files</Filter>
    </ClInclude>
    <ClInclude Include="..\HawkeyeCore\API\ReportsCommon.hpp">
      <Filter>Header Files</Filter>
    </ClInclude>
    <ClInclude Include="..\HawkeyeCore\API\ResultDefinition.hpp">
      <Filter>Header Files</Filter>
    </ClInclude>
    <ClInclude Include="..\HawkeyeCore\API\ResultDefinitionCommon.hpp">
      <Filter>Header Files</Filter>
    </ClInclude>
    <ClInclude Include="..\HawkeyeCore\API\Signatures.hpp">
      <Filter>Header Files</Filter>
    </ClInclude>
    <ClInclude Include="..\HawkeyeCore\API\SystemStatusCommon.hpp">
      <Filter>Header Files</Filter>
    </ClInclude>
    <ClInclude Include="..\HawkeyeCore\API\UserLevels.hpp">
      <Filter>Header Files</Filter>
    </ClInclude>
    <ClInclude Include="..\HawkeyeCore\API\WorkQueue.hpp">
      <Filter>Header Files</Filter>
    </ClInclude>
    <ClInclude Include="..\HawkeyeCore\API\WorkQueueCommon.hpp">
      <Filter>Header Files</Filter>
    </ClInclude>
  </ItemGroup>
  <ItemGroup>
    <ClCompile Include="EEPROMTestThroughAPI.cpp">
      <Filter>Source Files</Filter>
    </ClCompile>
    <ClCompile Include="EEPROMTestThroughAPIDlg.cpp">
      <Filter>Source Files</Filter>
    </ClCompile>
    <ClCompile Include="stdafx.cpp">
      <Filter>Source Files</Filter>
    </ClCompile>
  </ItemGroup>
  <ItemGroup>
    <ResourceCompile Include="EEPROMTestThroughAPI.rc">
      <Filter>Resource Files</Filter>
    </ResourceCompile>
  </ItemGroup>
  <ItemGroup>
    <None Include="res\EEPROMTestThroughAPI.rc2">
      <Filter>Resource Files</Filter>
    </None>
  </ItemGroup>
  <ItemGroup>
    <Image Include="res\EEPROMTestThroughAPI.ico">
      <Filter>Resource Files</Filter>
    </Image>
  </ItemGroup>
</Project>