<?xml version="1.0" encoding="utf-8"?>
<Project ToolsVersion="4.0" xmlns="http://schemas.microsoft.com/developer/msbuild/2003">
  <ItemGroup>
    <Filter Include="Source Files">
      <UniqueIdentifier>{4FC737F1-C7A5-4376-A066-2A32D752A2FF}</UniqueIdentifier>
      <Extensions>cpp;c;cc;cxx;def;odl;idl;hpj;bat;asm;asmx</Extensions>
    </Filter>
    <Filter Include="Header Files">
      <UniqueIdentifier>{93995380-89BD-4b04-88EB-625FBE52EBFB}</UniqueIdentifier>
      <Extensions>h;hh;hpp;hxx;hm;inl;inc;xsd</Extensions>
    </Filter>
    <Filter Include="Resource Files">
      <UniqueIdentifier>{67DA6AB6-F800-4c08-8B7A-83BB121AAD01}</UniqueIdentifier>
      <Extensions>rc;ico;cur;bmp;dlg;rc2;rct;bin;rgs;gif;jpg;jpeg;jpe;resx;tiff;tif;png;wav;mfcribbon-ms</Extensions>
    </Filter>
  </ItemGroup>
  <ItemGroup>
    <Text Include="ReadMe.txt" />
    <Text Include="SampleRunList.txt" />
    <Text Include="IncludeScriptTest.txt" />
  </ItemGroup>
  <ItemGroup>
    <ClInclude Include="stdafx.h">
      <Filter>Header Files</Filter>
    </ClInclude>
    <ClInclude Include="targetver.h">
      <Filter>Header Files</Filter>
    </ClInclude>
    <ClInclude Include="BusinessObjectTest.hpp">
      <Filter>Header Files</Filter>
    </ClInclude>
    <ClInclude Include="..\..\HawkeyeCore\HardwareLayer\Registers.hpp">
      <Filter>Header Files</Filter>
    </ClInclude>
    <ClInclude Include="..\..\HawkeyeCore\HardwareLayer\ControllerBoardCommand.hpp">
      <Filter>Header Files</Filter>
    </ClInclude>
    <ClInclude Include="..\..\HawkeyeCore\HardwareLayer\ControllerBoardInterface.hpp">
      <Filter>Header Files</Filter>
    </ClInclude>
    <ClInclude Include="..\..\HawkeyeCore\HardwareLayer\FTDI_Error_To_Boost.hpp">
      <Filter>Header Files</Filter>
    </ClInclude>
    <ClInclude Include="..\..\HawkeyeCore\HardwareLayer\SyringePump.hpp">
      <Filter>Header Files</Filter>
    </ClInclude>
    <ClInclude Include="..\..\HawkeyeCore\HardwareLayer\LedControllerBoardCommand.hpp">
      <Filter>Header Files</Filter>
    </ClInclude>
    <ClInclude Include="..\..\HawkeyeCore\HardwareLayer\LedControllerBoardInterface.hpp">
      <Filter>Header Files</Filter>
    </ClInclude>
    <ClInclude Include="..\..\HawkeyeCore\HardwareLayer\Camera_Basler.hpp">
      <Filter>Header Files</Filter>
    </ClInclude>
    <ClInclude Include="..\..\HawkeyeCore\HardwareLayer\Interfaces\iCamera.hpp">
      <Filter>Header Files</Filter>
    </ClInclude>
    <ClInclude Include="..\..\HawkeyeCore\HardwareLayer\Camera.hpp">
      <Filter>Header Files</Filter>
    </ClInclude>
    <ClInclude Include="SampleRunList.hpp">
      <Filter>Header Files</Filter>
    </ClInclude>
    <ClInclude Include="..\..\HawkeyeCore\HardwareLayer\ControllerBoardStatus.hpp">
      <Filter>Header Files</Filter>
    </ClInclude>
    <ClInclude Include="..\..\HawkeyeCore\HardwareLayer\ControllerBoardMessage.hpp">
      <Filter>Header Files</Filter>
    </ClInclude>
    <ClInclude Include="..\..\HawkeyeCore\HardwareLayer\ErrorCode.hpp">
      <Filter>Header Files</Filter>
    </ClInclude>
    <ClInclude Include="..\..\HawkeyeCore\HardwareLayer\BoardStatus.hpp">
      <Filter>Header Files</Filter>
    </ClInclude>
    <ClInclude Include="..\..\HawkeyeCore\HardwareLayer\ErrorStatus.hpp">
      <Filter>Header Files</Filter>
    </ClInclude>
    <ClInclude Include="..\..\HawkeyeCore\HardwareLayer\CarouselController.hpp">
      <Filter>Header Files</Filter>
    </ClInclude>
    <ClInclude Include="..\..\HawkeyeCore\HardwareLayer\ProbeController.hpp">
      <Filter>Header Files</Filter>
    </ClInclude>
    <ClInclude Include="..\..\HawkeyeCore\HardwareLayer\MotorBase.hpp">
      <Filter>Header Files</Filter>
    </ClInclude>
    <ClInclude Include="..\..\HawkeyeCore\HardwareLayer\SignalStatus.hpp">
      <Filter>Header Files</Filter>
    </ClInclude>
    <ClInclude Include="..\..\HawkeyeCore\HardwareLayer\PlateController.hpp">
      <Filter>Header Files</Filter>
    </ClInclude>
    <ClInclude Include="..\..\HawkeyeCore\HardwareLayer\HwConditions.hpp">
      <Filter>Header Files</Filter>
    </ClInclude>
    <ClInclude Include="..\..\HawkeyeCore\DLLLayer\HawkeyeConfig.hpp">
      <Filter>Header Files</Filter>
    </ClInclude>
    <ClInclude Include="..\..\HawkeyeCore\Core\AppConfig.hpp">
      <Filter>Header Files</Filter>
    </ClInclude>
    <ClInclude Include="..\..\HawkeyeCore\HardwareLayer\PhotoDiode.hpp">
      <Filter>Header Files</Filter>
    </ClInclude>
    <ClInclude Include="..\..\HawkeyeCore\HardwareLayer\FocusController.hpp">
      <Filter>Header Files</Filter>
    </ClInclude>
    <ClInclude Include="CellCounting\ConfigFileIO.h">
      <Filter>Header Files</Filter>
    </ClInclude>
    <ClInclude Include="CellCounting\ImageFileIO.h">
      <Filter>Header Files</Filter>
    </ClInclude>
    <ClInclude Include="CellCounting\SaveResults.h">
      <Filter>Header Files</Filter>
    </ClInclude>
    <ClInclude Include="resource.h">
      <Filter>Header Files</Filter>
    </ClInclude>
    <ClInclude Include="..\..\HawkeyeCore\API\HawkeyeError.hpp">
      <Filter>Header Files</Filter>
    </ClInclude>
    <ClInclude Include="..\..\HawkeyeCore\DLLLayer\Workflow\SampleWorkflow.hpp">
      <Filter>Header Files</Filter>
    </ClInclude>
    <ClInclude Include="..\..\HawkeyeCore\DLLLayer\Workflow\SyringeWorkflowOperation.hpp">
      <Filter>Header Files</Filter>
    </ClInclude>
    <ClInclude Include="..\..\HawkeyeCore\DLLLayer\Workflow\Workflow.hpp">
      <Filter>Header Files</Filter>
    </ClInclude>
    <ClInclude Include="..\..\HawkeyeCore\DLLLayer\Workflow\WorkflowOperation.hpp">
      <Filter>Header Files</Filter>
    </ClInclude>
    <ClInclude Include="..\..\HawkeyeCore\DLLLayer\Workflow\WorkflowEngine.hpp">
      <Filter>Header Files</Filter>
    </ClInclude>
    <ClInclude Include="..\..\HawkeyeCore\DLLLayer\Workflow\ReagentWorkflowOperation.hpp">
      <Filter>Header Files</Filter>
    </ClInclude>
    <ClInclude Include="..\..\HawkeyeCore\DLLLayer\Workflow\PrimeWorkflow.hpp">
      <Filter>Header Files</Filter>
    </ClInclude>
    <ClInclude Include="..\..\HawkeyeCore\DLLLayer\Workflow\LedWorkflowOperation.hpp">
      <Filter>Header Files</Filter>
    </ClInclude>
    <ClInclude Include="..\..\HawkeyeCore\DLLLayer\Workflow\FocusWorkflowOperation.hpp">
      <Filter>Header Files</Filter>
    </ClInclude>
    <ClInclude Include="..\..\HawkeyeCore\DLLLayer\Workflow\CarrierMotionWorkflowOperation.hpp">
      <Filter>Header Files</Filter>
    </ClInclude>
    <ClInclude Include="..\..\HawkeyeCore\DLLLayer\Workflow\CameraWorkflowOperation.hpp">
      <Filter>Header Files</Filter>
    </ClInclude>
    <ClInclude Include="..\..\HawkeyeCore\HardwareLayer\Led.hpp">
      <Filter>Header Files</Filter>
    </ClInclude>
    <ClInclude Include="..\..\HawkeyeCore\HardwareLayer\BaseClass\CameraBase.hpp">
      <Filter>Header Files</Filter>
    </ClInclude>
    <ClInclude Include="..\..\HawkeyeCore\HardwareLayer\BaseClass\FocusControllerBase.hpp">
      <Filter>Header Files</Filter>
    </ClInclude>
    <ClInclude Include="..\..\HawkeyeCore\HardwareLayer\BaseClass\LedBase.hpp">
      <Filter>Header Files</Filter>
    </ClInclude>
    <ClInclude Include="..\..\HawkeyeCore\HardwareLayer\BaseClass\RfidBase.hpp">
      <Filter>Header Files</Filter>
    </ClInclude>
    <ClInclude Include="..\..\HawkeyeCore\HardwareLayer\BaseClass\SyringePumpBase.hpp">
      <Filter>Header Files</Filter>
    </ClInclude>
    <ClInclude Include="..\..\HawkeyeCore\DLLLayer\Workflow\TubeWorkflowOperation.hpp">
      <Filter>Header Files</Filter>
    </ClInclude>
    <ClInclude Include="..\..\HawkeyeCore\DLLLayer\ImageProcessing.hpp">
      <Filter>Header Files</Filter>
    </ClInclude>
    <ClInclude Include="..\..\HawkeyeCore\HardwareLayer\Rfid.hpp">
      <Filter>Header Files</Filter>
    </ClInclude>
    <ClInclude Include="..\..\HawkeyeCore\HardwareLayer\Simulation\RfidSim.hpp">
      <Filter>Header Files</Filter>
    </ClInclude>
    <ClInclude Include="..\..\HawkeyeCore\HardwareLayer\ReagentRFIDLayout.hpp">
      <Filter>Header Files</Filter>
    </ClInclude>
    <ClInclude Include="..\..\HawkeyeCore\CellCounting\BlobData.h">
      <Filter>Header Files</Filter>
    </ClInclude>
    <ClInclude Include="..\..\HawkeyeCore\CellCounting\BlobLabel.h">
      <Filter>Header Files</Filter>
    </ClInclude>
    <ClInclude Include="..\..\HawkeyeCore\CellCounting\CellCounter.h">
      <Filter>Header Files</Filter>
    </ClInclude>
    <ClInclude Include="..\..\HawkeyeCore\CellCounting\CellCounterFactory.h">
      <Filter>Header Files</Filter>
    </ClInclude>
    <ClInclude Include="..\..\HawkeyeCore\CellCounting\CellCountingOutputParams.h">
      <Filter>Header Files</Filter>
    </ClInclude>
    <ClInclude Include="..\..\HawkeyeCore\CellCounting\ConfigFileIO.h">
      <Filter>Header Files</Filter>
    </ClInclude>
    <ClInclude Include="..\..\HawkeyeCore\CellCounting\ErrorCodes.h">
      <Filter>Header Files</Filter>
    </ClInclude>
    <ClInclude Include="..\..\HawkeyeCore\CellCounting\Headers.h">
      <Filter>Header Files</Filter>
    </ClInclude>
    <ClInclude Include="..\..\HawkeyeCore\CellCounting\ICellCounter.h">
      <Filter>Header Files</Filter>
    </ClInclude>
    <ClInclude Include="..\..\HawkeyeCore\CellCounting\ImageFileIO.h">
      <Filter>Header Files</Filter>
    </ClInclude>
    <ClInclude Include="..\..\HawkeyeCore\CellCounting\InputConfigurationParams.h">
      <Filter>Header Files</Filter>
    </ClInclude>
    <ClInclude Include="..\..\HawkeyeCore\CellCounting\Parameters.h">
      <Filter>Header Files</Filter>
    </ClInclude>
    <ClInclude Include="..\..\HawkeyeCore\CellCounting\SaveResults.h">
      <Filter>Header Files</Filter>
    </ClInclude>
    <ClInclude Include="..\..\HawkeyeCore\CellCounting\Typedef.h">
      <Filter>Header Files</Filter>
    </ClInclude>
    <ClInclude Include="..\..\HawkeyeCore\HardwareLayer\ReagentController.hpp">
      <Filter>Header Files</Filter>
    </ClInclude>
    <ClInclude Include="..\..\HawkeyeCore\API\MotorStatus.hpp">
      <Filter>Header Files</Filter>
    </ClInclude>
  </ItemGroup>
  <ItemGroup>
    <ClCompile Include="stdafx.cpp">
      <Filter>Source Files</Filter>
    </ClCompile>
    <ClCompile Include="BusinessObjectTest.cpp">
      <Filter>Source Files</Filter>
    </ClCompile>
    <ClCompile Include="..\..\HawkeyeCore\Core\Configuration.cpp">
      <Filter>Source Files</Filter>
    </ClCompile>
    <ClCompile Include="..\..\HawkeyeCore\Core\Logger.cpp">
      <Filter>Source Files</Filter>
    </ClCompile>
    <ClCompile Include="..\..\HawkeyeCore\Core\CommandParser.cpp">
      <Filter>Source Files</Filter>
    </ClCompile>
    <ClCompile Include="..\..\HawkeyeCore\HardwareLayer\ControllerBoardInterface.cpp">
      <Filter>Source Files</Filter>
    </ClCompile>
    <ClCompile Include="..\..\HawkeyeCore\HardwareLayer\FTDI_Error_To_Boost.cpp">
      <Filter>Source Files</Filter>
    </ClCompile>
    <ClCompile Include="..\..\HawkeyeCore\HardwareLayer\SyringePump.cpp">
      <Filter>Source Files</Filter>
    </ClCompile>
    <ClCompile Include="..\..\HawkeyeCore\HardwareLayer\LedControllerBoardCommand.cpp">
      <Filter>Source Files</Filter>
    </ClCompile>
    <ClCompile Include="..\..\HawkeyeCore\HardwareLayer\LedControllerBoardInterface.cpp">
      <Filter>Source Files</Filter>
    </ClCompile>
    <ClCompile Include="..\..\HawkeyeCore\HardwareLayer\Camera_Basler.cpp">
      <Filter>Source Files</Filter>
    </ClCompile>
    <ClCompile Include="..\..\HawkeyeCore\HardwareLayer\Interfaces\iCamera.cpp">
      <Filter>Source Files</Filter>
    </ClCompile>
    <ClCompile Include="..\..\HawkeyeCore\HardwareLayer\Camera.cpp">
      <Filter>Source Files</Filter>
    </ClCompile>
    <ClCompile Include="SampleRunList.cpp">
      <Filter>Source Files</Filter>
    </ClCompile>
    <ClCompile Include="..\..\HawkeyeCore\HardwareLayer\ControllerBoardCommand.cpp">
      <Filter>Source Files</Filter>
    </ClCompile>
    <ClCompile Include="..\..\HawkeyeCore\HardwareLayer\ControllerBoardStatus.cpp">
      <Filter>Source Files</Filter>
    </ClCompile>
    <ClCompile Include="..\..\HawkeyeCore\HardwareLayer\ControllerBoardMessage.cpp">
      <Filter>Source Files</Filter>
    </ClCompile>
    <ClCompile Include="..\..\HawkeyeCore\HardwareLayer\ErrorCode.cpp">
      <Filter>Source Files</Filter>
    </ClCompile>
    <ClCompile Include="..\..\HawkeyeCore\HardwareLayer\ErrorStatus.cpp">
      <Filter>Source Files</Filter>
    </ClCompile>
    <ClCompile Include="..\..\HawkeyeCore\HardwareLayer\BoardStatus.cpp">
      <Filter>Source Files</Filter>
    </ClCompile>
    <ClCompile Include="..\..\HawkeyeCore\HardwareLayer\CarouselController.cpp">
      <Filter>Source Files</Filter>
    </ClCompile>
    <ClCompile Include="..\..\HawkeyeCore\HardwareLayer\ProbeController.cpp">
      <Filter>Source Files</Filter>
    </ClCompile>
    <ClCompile Include="..\..\HawkeyeCore\HardwareLayer\MotorBase.cpp">
      <Filter>Source Files</Filter>
    </ClCompile>
    <ClCompile Include="..\..\HawkeyeCore\HardwareLayer\SignalStatus.cpp">
      <Filter>Source Files</Filter>
    </ClCompile>
    <ClCompile Include="..\..\HawkeyeCore\HardwareLayer\PlateController.cpp">
      <Filter>Source Files</Filter>
    </ClCompile>
    <ClCompile Include="..\..\HawkeyeCore\DLLLayer\HawkeyeConfig.cpp">
      <Filter>Source Files</Filter>
    </ClCompile>
    <ClCompile Include="..\..\HawkeyeCore\Core\AppConfig.cpp">
      <Filter>Source Files</Filter>
    </ClCompile>
    <ClCompile Include="..\..\HawkeyeCore\HardwareLayer\PhotoDiode.cpp">
      <Filter>Source Files</Filter>
    </ClCompile>
    <ClCompile Include="..\..\HawkeyeCore\HardwareLayer\FocusController.cpp">
      <Filter>Source Files</Filter>
    </ClCompile>
    <ClCompile Include="..\..\HawkeyeCore\DLLLayer\Workflow\CameraWorkflowOperation.cpp">
      <Filter>Source Files</Filter>
    </ClCompile>
    <ClCompile Include="..\..\HawkeyeCore\DLLLayer\Workflow\FocusWorkflowOperation.cpp">
      <Filter>Source Files</Filter>
    </ClCompile>
    <ClCompile Include="..\..\HawkeyeCore\DLLLayer\Workflow\LedWorkflowOperation.cpp">
      <Filter>Source Files</Filter>
    </ClCompile>
    <ClCompile Include="..\..\HawkeyeCore\DLLLayer\Workflow\ReagentWorkflowOperation.cpp">
      <Filter>Source Files</Filter>
    </ClCompile>
    <ClCompile Include="..\..\HawkeyeCore\DLLLayer\Workflow\SyringeWorkflowOperation.cpp">
      <Filter>Source Files</Filter>
    </ClCompile>
    <ClCompile Include="..\..\HawkeyeCore\DLLLayer\Workflow\Workflow.cpp">
      <Filter>Source Files</Filter>
    </ClCompile>
    <ClCompile Include="..\..\HawkeyeCore\DLLLayer\Workflow\WorkflowOperation.cpp">
      <Filter>Source Files</Filter>
    </ClCompile>
    <ClCompile Include="..\..\HawkeyeCore\HardwareLayer\Led.cpp">
      <Filter>Source Files</Filter>
    </ClCompile>
    <ClCompile Include="..\..\HawkeyeCore\HardwareLayer\BaseClass\CameraBase.cpp">
      <Filter>Source Files</Filter>
    </ClCompile>
    <ClCompile Include="..\..\HawkeyeCore\HardwareLayer\BaseClass\FocusControllerBase.cpp">
      <Filter>Source Files</Filter>
    </ClCompile>
    <ClCompile Include="..\..\HawkeyeCore\HardwareLayer\BaseClass\LedBase.cpp">
      <Filter>Source Files</Filter>
    </ClCompile>
    <ClCompile Include="..\..\HawkeyeCore\HardwareLayer\BaseClass\RfidBase.cpp">
      <Filter>Source Files</Filter>
    </ClCompile>
    <ClCompile Include="..\..\HawkeyeCore\HardwareLayer\BaseClass\SyringePumpBase.cpp">
      <Filter>Source Files</Filter>
    </ClCompile>
    <ClCompile Include="..\..\HawkeyeCore\DLLLayer\Workflow\TubeWorkflowOperation.cpp">
      <Filter>Source Files</Filter>
    </ClCompile>
    <ClCompile Include="..\..\HawkeyeCore\DLLLayer\ImageProcessing.cpp">
      <Filter>Source Files</Filter>
    </ClCompile>
    <ClCompile Include="..\..\HawkeyeCore\HardwareLayer\ControllerBoardEzPort.cpp">
      <Filter>Source Files</Filter>
    </ClCompile>
    <ClCompile Include="..\..\HawkeyeCore\HardwareLayer\Rfid.cpp">
      <Filter>Source Files</Filter>
    </ClCompile>
    <ClCompile Include="..\..\HawkeyeCore\HardwareLayer\Simulation\RfidSim.cpp">
      <Filter>Source Files</Filter>
    </ClCompile>
    <ClCompile Include="..\..\HawkeyeCore\CellCounting\ConfigFileIO.cpp">
      <Filter>Source Files</Filter>
    </ClCompile>
    <ClCompile Include="..\..\HawkeyeCore\CellCounting\ImageFileIO.cpp">
      <Filter>Source Files</Filter>
    </ClCompile>
    <ClCompile Include="..\..\HawkeyeCore\CellCounting\Parameters.cpp">
      <Filter>Source Files</Filter>
    </ClCompile>
    <ClCompile Include="..\..\HawkeyeCore\CellCounting\SaveResults.cpp">
      <Filter>Source Files</Filter>
    </ClCompile>
    <ClCompile Include="..\..\HawkeyeCore\HardwareLayer\ReagentController.cpp">
      <Filter>Source Files</Filter>
    </ClCompile>
    <ClCompile Include="..\..\HawkeyeCore\DLLLayer\Workflow\Helper\AdjustBackgroundIntensity.cpp">
      <Filter>Source Files</Filter>
    </ClCompile>
    <ClCompile Include="..\..\HawkeyeCore\DLLLayer\Workflow\Helper\CameraAutofocus.cpp">
      <Filter>Source Files</Filter>
    </ClCompile>
    <ClCompile Include="..\..\HawkeyeCore\DLLLayer\Workflow\Helper\WorkqueueHelper.cpp">
      <Filter>Source Files</Filter>
    </ClCompile>
    <ClCompile Include="..\..\HawkeyeCore\DLLLayer\Workflow\StateChangeWorkflowOperation.cpp">
      <Filter>Source Files</Filter>
    </ClCompile>
    <ClCompile Include="..\..\HawkeyeCore\DLLLayer\Workflow\WaitStateWorkflowOperation.cpp">
      <Filter>Source Files</Filter>
    </ClCompile>
    <ClCompile Include="..\..\HawkeyeCore\DLLLayer\Workflow\AppendProcessingWorkflowOperation.cpp">
      <Filter>Source Files</Filter>
    </ClCompile>
    <ClCompile Include="..\..\HawkeyeCore\DLLLayer\Workflow\ProbeWorkflowOperation.cpp">
      <Filter>Source Files</Filter>
    </ClCompile>
    <ClCompile Include="..\..\HawkeyeCore\HardwareLayer\MotorStatus.cpp">
      <Filter>Source Files</Filter>
    </ClCompile>
    <ClCompile Include="..\..\HawkeyeCore\APIImplementation\Utilities\DeadlineTimerUtilities.cpp">
      <Filter>Source Files</Filter>
    </ClCompile>
    <ClCompile Include="..\..\HawkeyeCore\APIImplementation\Utilities\FileHandlingUtilities.cpp">
      <Filter>Source Files</Filter>
    </ClCompile>
  </ItemGroup>
  <ItemGroup>
    <None Include="..\..\HawkeyeCore\HawkeyeDLL.info" />
    <None Include="BusinessObjectTest.info" />
    <None Include="..\..\HawkeyeCore\Analysis.info" />
    <None Include="..\..\HawkeyeCore\CellType.info" />
    <None Include="..\ServiceAPIsTest\ServiceAPIsTest.vcxproj" />
  </ItemGroup>
</Project>