<?xml version="1.0" encoding="utf-8"?>
<Project ToolsVersion="4.0" xmlns="http://schemas.microsoft.com/developer/msbuild/2003">
  <ItemGroup>
    <Filter Include="Source Files">
      <UniqueIdentifier>{4FC737F1-C7A5-4376-A066-2A32D752A2FF}</UniqueIdentifier>
      <Extensions>cpp;c;cc;cxx;def;odl;idl;hpj;bat;asm;asmx</Extensions>
    </Filter>
    <Filter Include="Header Files">
      <UniqueIdentifier>{93995380-89BD-4b04-88EB-625FBE52EBFB}</UniqueIdentifier>
      <Extensions>h;hh;hpp;hxx;hm;inl;inc;xsd</Extensions>
    </Filter>
    <Filter Include="Resource Files">
      <UniqueIdentifier>{67DA6AB6-F800-4c08-8B7A-83BB121AAD01}</UniqueIdentifier>
      <Extensions>rc;ico;cur;bmp;dlg;rc2;rct;bin;rgs;gif;jpg;jpeg;jpe;resx;tiff;tif;png;wav;mfcribbon-ms</Extensions>
    </Filter>
  </ItemGroup>
  <ItemGroup>
    <Text Include="ReadMe.txt" />
  </ItemGroup>
  <ItemGroup>
    <ClInclude Include="RFIDProgrammingStation.h">
      <Filter>Header Files</Filter>
    </ClInclude>
    <ClInclude Include="RFIDProgrammingStationDlg.h">
      <Filter>Header Files</Filter>
    </ClInclude>
    <ClInclude Include="stdafx.h">
      <Filter>Header Files</Filter>
    </ClInclude>
    <ClInclude Include="targetver.h">
      <Filter>Header Files</Filter>
    </ClInclude>
    <ClInclude Include="Resource.h">
      <Filter>Header Files</Filter>
    </ClInclude>
    <ClInclude Include="Utilities.hpp">
      <Filter>Header Files</Filter>
    </ClInclude>
    <ClInclude Include="..\HawkeyeCore\Core\SecurityHelpers.hpp">
      <Filter>Header Files</Filter>
    </ClInclude>
    <ClInclude Include="..\HawkeyeCore\HardwareLayer\ControllerBoardInterface.hpp">
      <Filter>Header Files</Filter>
    </ClInclude>
    <ClInclude Include="HawkeyeRFIDPayload.hpp">
      <Filter>Header Files</Filter>
    </ClInclude>
    <ClInclude Include="..\HawkeyeCore\Core\Logger.hpp">
      <Filter>Header Files</Filter>
    </ClInclude>
    <ClInclude Include="..\HawkeyeCore\Core\Logger_Impl.hxx">
      <Filter>Header Files</Filter>
    </ClInclude>
    <ClInclude Include="..\HawkeyeCore\HardwareLayer\BoardStatus.hpp">
      <Filter>Header Files</Filter>
    </ClInclude>
    <ClInclude Include="..\HawkeyeCore\Core\Logger_auxiliary.hpp">
      <Filter>Header Files</Filter>
    </ClInclude>
    <ClInclude Include="..\HawkeyeCore\Core\Configuration.hpp">
      <Filter>Header Files</Filter>
    </ClInclude>
    <ClInclude Include="FirmwareUpdateProgressDlg.h">
      <Filter>Header Files</Filter>
    </ClInclude>
    <ClInclude Include="TagWriteFailureDlg.h">
      <Filter>Header Files</Filter>
    </ClInclude>
    <ClInclude Include="..\HawkeyeCore\DLLLayer\HawkeyeConfig.hpp">
      <Filter>Header Files</Filter>
    </ClInclude>
    <ClInclude Include="..\HawkeyeCore\Core\CommandParser.hpp">
      <Filter>Header Files</Filter>
    </ClInclude>
    <ClInclude Include="..\HawkeyeCore\SystemErrors.hpp">
      <Filter>Header Files</Filter>
    </ClInclude>
    <ClInclude Include="..\HawkeyeCore\SystemErrorFeeder.hpp">
      <Filter>Header Files</Filter>
    </ClInclude>
    <ClInclude Include="..\HawkeyeCore\HardwareLayer\BaseClass\RfidBase.hpp">
      <Filter>Header Files</Filter>
    </ClInclude>
    <ClInclude Include="..\HawkeyeCore\HardwareLayer\Rfid.hpp">
      <Filter>Header Files</Filter>
    </ClInclude>
    <ClInclude Include="..\HawkeyeCore\APIImplementation\HawkeyeLogicImpl.hpp">
      <Filter>Header Files</Filter>
    </ClInclude>
    <ClInclude Include="..\HawkeyeCore\Core\SystemStatus.hpp">
      <Filter>Header Files</Filter>
    </ClInclude>
    <ClInclude Include="TagVerifyFailureDlg.h">
      <Filter>Header Files</Filter>
    </ClInclude>
    <ClInclude Include="..\HawkeyeCore\Core\LoggerGeneric.hpp">
      <Filter>Header Files</Filter>
    </ClInclude>
    <ClInclude Include="..\HawkeyeCore\Core\LoggerGeneric_Impl.hxx">
      <Filter>Header Files</Filter>
    </ClInclude>
    <ClInclude Include="..\HawkeyeCore\Core\ChronoUtilities.hpp">
      <Filter>Header Files</Filter>
    </ClInclude>
    <ClInclude Include="..\HawkeyeCore\APIImplementation\HawkeyeDirectory.hpp">
      <Filter>Header Files</Filter>
    </ClInclude>
    <ClInclude Include="..\HawkeyeCore\Core\AsyncCommandHelper.hpp">
      <Filter>Header Files</Filter>
    </ClInclude>
    <ClInclude Include="..\HawkeyeCore\Core\DeadlineTimerUtilities.hpp">
      <Filter>Header Files</Filter>
    </ClInclude>
  </ItemGroup>
  <ItemGroup>
    <ClCompile Include="RFIDProgrammingStation.cpp">
      <Filter>Source Files</Filter>
    </ClCompile>
    <ClCompile Include="RFIDProgrammingStationDlg.cpp">
      <Filter>Source Files</Filter>
    </ClCompile>
    <ClCompile Include="stdafx.cpp">
      <Filter>Source Files</Filter>
    </ClCompile>
    <ClCompile Include="Utilities.cpp">
      <Filter>Source Files</Filter>
    </ClCompile>
    <ClCompile Include="..\HawkeyeCore\Core\SecurityHelpers.cpp">
      <Filter>Source Files</Filter>
    </ClCompile>
    <ClCompile Include="..\HawkeyeCore\HardwareLayer\ControllerBoardInterface.cpp">
      <Filter>Source Files</Filter>
    </ClCompile>
    <ClCompile Include="HawkeyeRFIDPayload.cpp">
      <Filter>Source Files</Filter>
    </ClCompile>
    <ClCompile Include="..\HawkeyeCore\HardwareLayer\ControllerBoardEzPort.cpp">
      <Filter>Source Files</Filter>
    </ClCompile>
    <ClCompile Include="..\HawkeyeCore\HardwareLayer\FTDI_Error_To_Boost.cpp">
      <Filter>Source Files</Filter>
    </ClCompile>
    <ClCompile Include="..\HawkeyeCore\HardwareLayer\ControllerBoardCommand.cpp">
      <Filter>Source Files</Filter>
    </ClCompile>
    <ClCompile Include="..\HawkeyeCore\HardwareLayer\ControllerBoardMessage.cpp">
      <Filter>Source Files</Filter>
    </ClCompile>
    <ClCompile Include="..\HawkeyeCore\HardwareLayer\ControllerBoardStatus.cpp">
      <Filter>Source Files</Filter>
    </ClCompile>
    <ClCompile Include="..\HawkeyeCore\HardwareLayer\ErrorCode.cpp">
      <Filter>Source Files</Filter>
    </ClCompile>
    <ClCompile Include="..\HawkeyeCore\HardwareLayer\ErrorStatus.cpp">
      <Filter>Source Files</Filter>
    </ClCompile>
    <ClCompile Include="..\HawkeyeCore\HardwareLayer\BoardStatus.cpp">
      <Filter>Source Files</Filter>
    </ClCompile>
    <ClCompile Include="..\HawkeyeCore\Core\Logger.cpp">
      <Filter>Source Files</Filter>
    </ClCompile>
    <ClCompile Include="..\HawkeyeCore\Core\Configuration.cpp">
      <Filter>Source Files</Filter>
    </ClCompile>
    <ClCompile Include="FirmwareUpdateProgressDlg.cpp">
      <Filter>Source Files</Filter>
    </ClCompile>
    <ClCompile Include="..\HawkeyeCore\Core\AppConfig.cpp">
      <Filter>Source Files</Filter>
    </ClCompile>
    <ClCompile Include="..\HawkeyeCore\HardwareLayer\SignalStatus.cpp">
      <Filter>Source Files</Filter>
    </ClCompile>
    <ClCompile Include="..\HawkeyeCore\Core\LoggerSignature.cpp">
      <Filter>Source Files</Filter>
    </ClCompile>
    <ClCompile Include="TagWriteFailureDlg.cpp">
      <Filter>Source Files</Filter>
    </ClCompile>
    <ClCompile Include="TagVerifyFailureDlg.cpp">
      <Filter>Source Files</Filter>
    </ClCompile>
    <ClCompile Include="..\HawkeyeCore\Core\FirmwareDownload.cpp">
      <Filter>Source Files</Filter>
    </ClCompile>
    <ClCompile Include="TagVerifyFailureDlg.cpp">
      <Filter>Source Files</Filter>
    </ClCompile>
    <ClCompile Include="..\HawkeyeCore\Core\FirmwareDownload.cpp">
      <Filter>Source Files</Filter>
    </ClCompile>
    <ClCompile Include="..\HawkeyeCore\DLLLayer\HawkeyeConfig.cpp">
      <Filter>Source Files</Filter>
    </ClCompile>
    <ClCompile Include="..\HawkeyeCore\Core\CommandParser.cpp">
      <Filter>Source Files</Filter>
    </ClCompile>
    <ClCompile Include="..\HawkeyeCore\HardwareLayer\Interfaces\iControllerBoardInterace.cpp">
      <Filter>Source Files</Filter>
    </ClCompile>
    <ClCompile Include="..\HawkeyeCore\Core\SystemErrors.cpp">
      <Filter>Source Files</Filter>
    </ClCompile>
    <ClCompile Include="..\HawkeyeCore\HardwareLayer\BaseClass\RfidBase.cpp">
      <Filter>Source Files</Filter>
    </ClCompile>
    <ClCompile Include="..\HawkeyeCore\HardwareLayer\Rfid.cpp">
      <Filter>Source Files</Filter>
    </ClCompile>
    <ClCompile Include="SystemStatus.cpp">
      <Filter>Source Files</Filter>
    </ClCompile>
    <ClCompile Include="..\HawkeyeCore\Core\LoggerGeneric.cpp">
      <Filter>Source Files</Filter>
    </ClCompile>
    <ClCompile Include="..\HawkeyeCore\Core\ChronoUtilities.cpp">
      <Filter>Source Files</Filter>
    </ClCompile>
    <ClCompile Include="..\HawkeyeCore\Core\FileSystemUtilities.cpp">
      <Filter>Source Files</Filter>
    </ClCompile>
    <ClCompile Include="..\HawkeyeCore\Core\AsyncCommandHelper.cpp">
      <Filter>Source Files</Filter>
    </ClCompile>
    <ClCompile Include="..\HawkeyeCore\Core\DeadlineTimerUtilities.cpp">
      <Filter>Source Files</Filter>
    </ClCompile>
    <ClCompile Include="..\HawkeyeCore\Core\HawkeyeThread.cpp">
      <Filter>Source Files</Filter>
    </ClCompile>
    <ClCompile Include="..\HawkeyeCore\Core\HawkeyeThreadPool.cpp">
      <Filter>Source Files</Filter>
    </ClCompile>
    <ClCompile Include="..\HawkeyeCore\HardwareLayer\ControllerBoardOperation.cpp">
      <Filter>Source Files</Filter>
    </ClCompile>
  </ItemGroup>
  <ItemGroup>
    <ResourceCompile Include="$(SolutionDir)\target\properties\RFIDProgrammingStation\RFIDProgrammingStation.rc">
      <Filter>Resource Files</Filter>
    </ResourceCompile>
  </ItemGroup>
  <ItemGroup>
    <None Include="res\RFIDProgrammingStation.rc2">
      <Filter>Resource Files</Filter>
    </None>
    <None Include="resource.hm">
      <Filter>Header Files</Filter>
    </None>
    <None Include="RFIDProgrammingStation - Release.info" />
    <None Include="RFIDProgrammingStation.info" />
  </ItemGroup>
  <ItemGroup>
    <Image Include="res\RFIDProgrammingStation.ico">
      <Filter>Resource Files</Filter>
    </Image>
  </ItemGroup>
</Project>